// !$*UTF8*$!
{
	archiveVersion = 1;
	classes = {
	};
	objectVersion = 52;
	objects = {

/* Begin PBXBuildFile section */
		D18D8E9B26A8C8F100E193DB /* AppDelegate.swift in Sources */ = {isa = PBXBuildFile; fileRef = D18D8E9A26A8C8F100E193DB /* AppDelegate.swift */; };
		D18D8E9D26A8C8F100E193DB /* SceneDelegate.swift in Sources */ = {isa = PBXBuildFile; fileRef = D18D8E9C26A8C8F100E193DB /* SceneDelegate.swift */; };
		D18D8E9F26A8C8F100E193DB /* ViewController.swift in Sources */ = {isa = PBXBuildFile; fileRef = D18D8E9E26A8C8F100E193DB /* ViewController.swift */; };
		D18D8EA426A8C8F400E193DB /* Assets.xcassets in Resources */ = {isa = PBXBuildFile; fileRef = D18D8EA326A8C8F400E193DB /* Assets.xcassets */; };
		D18D8EA726A8C8F400E193DB /* LaunchScreen.storyboard in Resources */ = {isa = PBXBuildFile; fileRef = D18D8EA526A8C8F400E193DB /* LaunchScreen.storyboard */; };
		D18D8EC426AA291B00E193DB /* VerSDK in Frameworks */ = {isa = PBXBuildFile; productRef = D18D8EC326AA291B00E193DB /* VerSDK */; };
/* End PBXBuildFile section */

/* Begin PBXFileReference section */
		D18D8E9726A8C8F100E193DB /* ClientAppSwift.app */ = {isa = PBXFileReference; explicitFileType = wrapper.application; includeInIndex = 0; path = ClientAppSwift.app; sourceTree = BUILT_PRODUCTS_DIR; };
		D18D8E9A26A8C8F100E193DB /* AppDelegate.swift */ = {isa = PBXFileReference; lastKnownFileType = sourcecode.swift; path = AppDelegate.swift; sourceTree = "<group>"; };
		D18D8E9C26A8C8F100E193DB /* SceneDelegate.swift */ = {isa = PBXFileReference; lastKnownFileType = sourcecode.swift; path = SceneDelegate.swift; sourceTree = "<group>"; };
		D18D8E9E26A8C8F100E193DB /* ViewController.swift */ = {isa = PBXFileReference; lastKnownFileType = sourcecode.swift; path = ViewController.swift; sourceTree = "<group>"; };
		D18D8EA326A8C8F400E193DB /* Assets.xcassets */ = {isa = PBXFileReference; lastKnownFileType = folder.assetcatalog; path = Assets.xcassets; sourceTree = "<group>"; };
		D18D8EA626A8C8F400E193DB /* Base */ = {isa = PBXFileReference; lastKnownFileType = file.storyboard; name = Base; path = Base.lproj/LaunchScreen.storyboard; sourceTree = "<group>"; };
		D18D8EA826A8C8F400E193DB /* Info.plist */ = {isa = PBXFileReference; lastKnownFileType = text.plist.xml; path = Info.plist; sourceTree = "<group>"; };
/* End PBXFileReference section */

/* Begin PBXFrameworksBuildPhase section */
		D18D8E9426A8C8F100E193DB /* Frameworks */ = {
			isa = PBXFrameworksBuildPhase;
			buildActionMask = 2147483647;
			files = (
				D18D8EC426AA291B00E193DB /* VerSDK in Frameworks */,
			);
			runOnlyForDeploymentPostprocessing = 0;
		};
/* End PBXFrameworksBuildPhase section */

/* Begin PBXGroup section */
		D18D8E8E26A8C8F100E193DB = {
			isa = PBXGroup;
			children = (
				D18D8E9926A8C8F100E193DB /* ClientAppSwift */,
				D18D8E9826A8C8F100E193DB /* Products */,
				D18D8EAF26A8CB8B00E193DB /* Frameworks */,
			);
			sourceTree = "<group>";
		};
		D18D8E9826A8C8F100E193DB /* Products */ = {
			isa = PBXGroup;
			children = (
				D18D8E9726A8C8F100E193DB /* ClientAppSwift.app */,
			);
			name = Products;
			sourceTree = "<group>";
		};
		D18D8E9926A8C8F100E193DB /* ClientAppSwift */ = {
			isa = PBXGroup;
			children = (
				D18D8E9A26A8C8F100E193DB /* AppDelegate.swift */,
				D18D8E9C26A8C8F100E193DB /* SceneDelegate.swift */,
				D18D8E9E26A8C8F100E193DB /* ViewController.swift */,
				D18D8EA326A8C8F400E193DB /* Assets.xcassets */,
				D18D8EA526A8C8F400E193DB /* LaunchScreen.storyboard */,
				D18D8EA826A8C8F400E193DB /* Info.plist */,
			);
			path = ClientAppSwift;
			sourceTree = "<group>";
		};
		D18D8EAF26A8CB8B00E193DB /* Frameworks */ = {
			isa = PBXGroup;
			children = (
			);
			name = Frameworks;
			sourceTree = "<group>";
		};
/* End PBXGroup section */

/* Begin PBXNativeTarget section */
		D18D8E9626A8C8F100E193DB /* ClientAppSwift */ = {
			isa = PBXNativeTarget;
			buildConfigurationList = D18D8EAB26A8C8F400E193DB /* Build configuration list for PBXNativeTarget "ClientAppSwift" */;
			buildPhases = (
				D18D8E9326A8C8F100E193DB /* Sources */,
				D18D8E9426A8C8F100E193DB /* Frameworks */,
				D18D8E9526A8C8F100E193DB /* Resources */,
			);
			buildRules = (
			);
			dependencies = (
			);
			name = ClientAppSwift;
			packageProductDependencies = (
				D18D8EC326AA291B00E193DB /* VerSDK */,
			);
			productName = ClientApp;
			productReference = D18D8E9726A8C8F100E193DB /* ClientAppSwift.app */;
			productType = "com.apple.product-type.application";
		};
/* End PBXNativeTarget section */

/* Begin PBXProject section */
		D18D8E8F26A8C8F100E193DB /* Project object */ = {
			isa = PBXProject;
			attributes = {
				LastSwiftUpdateCheck = 1250;
				LastUpgradeCheck = 1250;
				TargetAttributes = {
					D18D8E9626A8C8F100E193DB = {
						CreatedOnToolsVersion = 12.5;
					};
				};
			};
			buildConfigurationList = D18D8E9226A8C8F100E193DB /* Build configuration list for PBXProject "ClientAppSwift" */;
			compatibilityVersion = "Xcode 9.3";
			developmentRegion = en;
			hasScannedForEncodings = 0;
			knownRegions = (
				en,
				Base,
			);
			mainGroup = D18D8E8E26A8C8F100E193DB;
			packageReferences = (
				D18D8EC226AA291B00E193DB /* XCRemoteSwiftPackageReference "versdk" */,
			);
			productRefGroup = D18D8E9826A8C8F100E193DB /* Products */;
			projectDirPath = "";
			projectRoot = "";
			targets = (
				D18D8E9626A8C8F100E193DB /* ClientAppSwift */,
			);
		};
/* End PBXProject section */

/* Begin PBXResourcesBuildPhase section */
		D18D8E9526A8C8F100E193DB /* Resources */ = {
			isa = PBXResourcesBuildPhase;
			buildActionMask = 2147483647;
			files = (
				D18D8EA726A8C8F400E193DB /* LaunchScreen.storyboard in Resources */,
				D18D8EA426A8C8F400E193DB /* Assets.xcassets in Resources */,
			);
			runOnlyForDeploymentPostprocessing = 0;
		};
/* End PBXResourcesBuildPhase section */

/* Begin PBXSourcesBuildPhase section */
		D18D8E9326A8C8F100E193DB /* Sources */ = {
			isa = PBXSourcesBuildPhase;
			buildActionMask = 2147483647;
			files = (
				D18D8E9F26A8C8F100E193DB /* ViewController.swift in Sources */,
				D18D8E9B26A8C8F100E193DB /* AppDelegate.swift in Sources */,
				D18D8E9D26A8C8F100E193DB /* SceneDelegate.swift in Sources */,
			);
			runOnlyForDeploymentPostprocessing = 0;
		};
/* End PBXSourcesBuildPhase section */

/* Begin PBXVariantGroup section */
		D18D8EA526A8C8F400E193DB /* LaunchScreen.storyboard */ = {
			isa = PBXVariantGroup;
			children = (
				D18D8EA626A8C8F400E193DB /* Base */,
			);
			name = LaunchScreen.storyboard;
			sourceTree = "<group>";
		};
/* End PBXVariantGroup section */

/* Begin XCBuildConfiguration section */
		D18D8EA926A8C8F400E193DB /* Debug */ = {
			isa = XCBuildConfiguration;
			buildSettings = {
				ALWAYS_SEARCH_USER_PATHS = NO;
				CLANG_ANALYZER_NONNULL = YES;
				CLANG_ANALYZER_NUMBER_OBJECT_CONVERSION = YES_AGGRESSIVE;
				CLANG_CXX_LANGUAGE_STANDARD = "gnu++14";
				CLANG_CXX_LIBRARY = "libc++";
				CLANG_ENABLE_MODULES = YES;
				CLANG_ENABLE_OBJC_ARC = YES;
				CLANG_ENABLE_OBJC_WEAK = YES;
				CLANG_WARN_BLOCK_CAPTURE_AUTORELEASING = YES;
				CLANG_WARN_BOOL_CONVERSION = YES;
				CLANG_WARN_COMMA = YES;
				CLANG_WARN_CONSTANT_CONVERSION = YES;
				CLANG_WARN_DEPRECATED_OBJC_IMPLEMENTATIONS = YES;
				CLANG_WARN_DIRECT_OBJC_ISA_USAGE = YES_ERROR;
				CLANG_WARN_DOCUMENTATION_COMMENTS = YES;
				CLANG_WARN_EMPTY_BODY = YES;
				CLANG_WARN_ENUM_CONVERSION = YES;
				CLANG_WARN_INFINITE_RECURSION = YES;
				CLANG_WARN_INT_CONVERSION = YES;
				CLANG_WARN_NON_LITERAL_NULL_CONVERSION = YES;
				CLANG_WARN_OBJC_IMPLICIT_RETAIN_SELF = YES;
				CLANG_WARN_OBJC_LITERAL_CONVERSION = YES;
				CLANG_WARN_OBJC_ROOT_CLASS = YES_ERROR;
				CLANG_WARN_QUOTED_INCLUDE_IN_FRAMEWORK_HEADER = YES;
				CLANG_WARN_RANGE_LOOP_ANALYSIS = YES;
				CLANG_WARN_STRICT_PROTOTYPES = YES;
				CLANG_WARN_SUSPICIOUS_MOVE = YES;
				CLANG_WARN_UNGUARDED_AVAILABILITY = YES_AGGRESSIVE;
				CLANG_WARN_UNREACHABLE_CODE = YES;
				CLANG_WARN__DUPLICATE_METHOD_MATCH = YES;
				COPY_PHASE_STRIP = NO;
				DEBUG_INFORMATION_FORMAT = dwarf;
				ENABLE_STRICT_OBJC_MSGSEND = YES;
				ENABLE_TESTABILITY = YES;
				GCC_C_LANGUAGE_STANDARD = gnu11;
				GCC_DYNAMIC_NO_PIC = NO;
				GCC_NO_COMMON_BLOCKS = YES;
				GCC_OPTIMIZATION_LEVEL = 0;
				GCC_PREPROCESSOR_DEFINITIONS = (
					"DEBUG=1",
					"$(inherited)",
				);
				GCC_WARN_64_TO_32_BIT_CONVERSION = YES;
				GCC_WARN_ABOUT_RETURN_TYPE = YES_ERROR;
				GCC_WARN_UNDECLARED_SELECTOR = YES;
				GCC_WARN_UNINITIALIZED_AUTOS = YES_AGGRESSIVE;
				GCC_WARN_UNUSED_FUNCTION = YES;
				GCC_WARN_UNUSED_VARIABLE = YES;
				IPHONEOS_DEPLOYMENT_TARGET = 14.5;
				MTL_ENABLE_DEBUG_INFO = INCLUDE_SOURCE;
				MTL_FAST_MATH = YES;
				ONLY_ACTIVE_ARCH = YES;
				SDKROOT = iphoneos;
				SWIFT_ACTIVE_COMPILATION_CONDITIONS = DEBUG;
				SWIFT_OPTIMIZATION_LEVEL = "-Onone";
			};
			name = Debug;
		};
		D18D8EAA26A8C8F400E193DB /* Release */ = {
			isa = XCBuildConfiguration;
			buildSettings = {
				ALWAYS_SEARCH_USER_PATHS = NO;
				CLANG_ANALYZER_NONNULL = YES;
				CLANG_ANALYZER_NUMBER_OBJECT_CONVERSION = YES_AGGRESSIVE;
				CLANG_CXX_LANGUAGE_STANDARD = "gnu++14";
				CLANG_CXX_LIBRARY = "libc++";
				CLANG_ENABLE_MODULES = YES;
				CLANG_ENABLE_OBJC_ARC = YES;
				CLANG_ENABLE_OBJC_WEAK = YES;
				CLANG_WARN_BLOCK_CAPTURE_AUTORELEASING = YES;
				CLANG_WARN_BOOL_CONVERSION = YES;
				CLANG_WARN_COMMA = YES;
				CLANG_WARN_CONSTANT_CONVERSION = YES;
				CLANG_WARN_DEPRECATED_OBJC_IMPLEMENTATIONS = YES;
				CLANG_WARN_DIRECT_OBJC_ISA_USAGE = YES_ERROR;
				CLANG_WARN_DOCUMENTATION_COMMENTS = YES;
				CLANG_WARN_EMPTY_BODY = YES;
				CLANG_WARN_ENUM_CONVERSION = YES;
				CLANG_WARN_INFINITE_RECURSION = YES;
				CLANG_WARN_INT_CONVERSION = YES;
				CLANG_WARN_NON_LITERAL_NULL_CONVERSION = YES;
				CLANG_WARN_OBJC_IMPLICIT_RETAIN_SELF = YES;
				CLANG_WARN_OBJC_LITERAL_CONVERSION = YES;
				CLANG_WARN_OBJC_ROOT_CLASS = YES_ERROR;
				CLANG_WARN_QUOTED_INCLUDE_IN_FRAMEWORK_HEADER = YES;
				CLANG_WARN_RANGE_LOOP_ANALYSIS = YES;
				CLANG_WARN_STRICT_PROTOTYPES = YES;
				CLANG_WARN_SUSPICIOUS_MOVE = YES;
				CLANG_WARN_UNGUARDED_AVAILABILITY = YES_AGGRESSIVE;
				CLANG_WARN_UNREACHABLE_CODE = YES;
				CLANG_WARN__DUPLICATE_METHOD_MATCH = YES;
				COPY_PHASE_STRIP = NO;
				DEBUG_INFORMATION_FORMAT = "dwarf-with-dsym";
				ENABLE_NS_ASSERTIONS = NO;
				ENABLE_STRICT_OBJC_MSGSEND = YES;
				GCC_C_LANGUAGE_STANDARD = gnu11;
				GCC_NO_COMMON_BLOCKS = YES;
				GCC_WARN_64_TO_32_BIT_CONVERSION = YES;
				GCC_WARN_ABOUT_RETURN_TYPE = YES_ERROR;
				GCC_WARN_UNDECLARED_SELECTOR = YES;
				GCC_WARN_UNINITIALIZED_AUTOS = YES_AGGRESSIVE;
				GCC_WARN_UNUSED_FUNCTION = YES;
				GCC_WARN_UNUSED_VARIABLE = YES;
				IPHONEOS_DEPLOYMENT_TARGET = 14.5;
				MTL_ENABLE_DEBUG_INFO = NO;
				MTL_FAST_MATH = YES;
				SDKROOT = iphoneos;
				SWIFT_COMPILATION_MODE = wholemodule;
				SWIFT_OPTIMIZATION_LEVEL = "-O";
				VALIDATE_PRODUCT = YES;
			};
			name = Release;
		};
		D18D8EAC26A8C8F400E193DB /* Debug */ = {
			isa = XCBuildConfiguration;
			buildSettings = {
				ASSETCATALOG_COMPILER_APPICON_NAME = AppIcon;
				ASSETCATALOG_COMPILER_GLOBAL_ACCENT_COLOR_NAME = AccentColor;
				CODE_SIGN_STYLE = Automatic;
				DEVELOPMENT_TEAM = C46434T648;
				INFOPLIST_FILE = ClientAppSwift/Info.plist;
				IPHONEOS_DEPLOYMENT_TARGET = 13.0;
				LD_RUNPATH_SEARCH_PATHS = (
					"$(inherited)",
					"@executable_path/Frameworks",
				);
				PRODUCT_BUNDLE_IDENTIFIER = com.clientapp.ClientAppSwift;
				PRODUCT_NAME = "$(TARGET_NAME)";
				SWIFT_VERSION = 5.0;
				TARGETED_DEVICE_FAMILY = "1,2";
			};
			name = Debug;
		};
		D18D8EAD26A8C8F400E193DB /* Release */ = {
			isa = XCBuildConfiguration;
			buildSettings = {
				ASSETCATALOG_COMPILER_APPICON_NAME = AppIcon;
				ASSETCATALOG_COMPILER_GLOBAL_ACCENT_COLOR_NAME = AccentColor;
				CODE_SIGN_STYLE = Automatic;
				DEVELOPMENT_TEAM = C46434T648;
				INFOPLIST_FILE = ClientAppSwift/Info.plist;
				IPHONEOS_DEPLOYMENT_TARGET = 13.0;
				LD_RUNPATH_SEARCH_PATHS = (
					"$(inherited)",
					"@executable_path/Frameworks",
				);
				PRODUCT_BUNDLE_IDENTIFIER = com.clientapp.ClientAppSwift;
				PRODUCT_NAME = "$(TARGET_NAME)";
				SWIFT_VERSION = 5.0;
				TARGETED_DEVICE_FAMILY = "1,2";
			};
			name = Release;
		};
/* End XCBuildConfiguration section */

/* Begin XCConfigurationList section */
		D18D8E9226A8C8F100E193DB /* Build configuration list for PBXProject "ClientAppSwift" */ = {
			isa = XCConfigurationList;
			buildConfigurations = (
				D18D8EA926A8C8F400E193DB /* Debug */,
				D18D8EAA26A8C8F400E193DB /* Release */,
			);
			defaultConfigurationIsVisible = 0;
			defaultConfigurationName = Release;
		};
		D18D8EAB26A8C8F400E193DB /* Build configuration list for PBXNativeTarget "ClientAppSwift" */ = {
			isa = XCConfigurationList;
			buildConfigurations = (
				D18D8EAC26A8C8F400E193DB /* Debug */,
				D18D8EAD26A8C8F400E193DB /* Release */,
			);
			defaultConfigurationIsVisible = 0;
			defaultConfigurationName = Release;
		};
/* End XCConfigurationList section */

/* Begin XCRemoteSwiftPackageReference section */
		D18D8EC226AA291B00E193DB /* XCRemoteSwiftPackageReference "versdk" */ = {
			isa = XCRemoteSwiftPackageReference;
			repositoryURL = "https://github.com/GrigoryShushakov/versdk.git";
			requirement = {
				kind = upToNextMajorVersion;
				minimumVersion = 0.0.0;
			};
		};
/* End XCRemoteSwiftPackageReference section */

/* Begin XCSwiftPackageProductDependency section */
		D18D8EC326AA291B00E193DB /* VerSDK */ = {
			isa = XCSwiftPackageProductDependency;
			package = D18D8EC226AA291B00E193DB /* XCRemoteSwiftPackageReference "versdk" */;
			productName = VerSDK;
		};
/* End XCSwiftPackageProductDependency section */
	};
	rootObject = D18D8E8F26A8C8F100E193DB /* Project object */;
}
